
Microsoft Visual Studio Solution File, Format Version 12.00
# Visual Studio Version 17
VisualStudioVersion = 17.13.35806.99
MinimumVisualStudioVersion = 10.0.40219.1
Project("{2150E333-8FDC-42A3-9474-1A3956D46DE8}") = "src", "src", "{02EA681E-C7D8-13C7-8484-4AC65E1B71E8}"
EndProject
Project("{2150E333-8FDC-42A3-9474-1A3956D46DE8}") = "Services", "Services", "{3B2C4D16-FF4C-4DE1-9FD2-67BFEB28C527}"
EndProject
Project("{2150E333-8FDC-42A3-9474-1A3956D46DE8}") = "Gateway", "Gateway", "{B150DAB5-7A89-43DB-B7AF-9CD37C23B55A}"
EndProject
Project("{2150E333-8FDC-42A3-9474-1A3956D46DE8}") = "Shared", "Shared", "{2E98597B-8831-4D57-825E-822D5DB27655}"
EndProject
Project("{2150E333-8FDC-42A3-9474-1A3956D46DE8}") = "tests", "tests", "{456E3F68-3FC9-48C9-AF34-2FDE8827F942}"
EndProject
Project("{2150E333-8FDC-42A3-9474-1A3956D46DE8}") = "Identity", "Identity", "{1D862564-D5C2-4345-9AD8-57BBC30A0A11}"
EndProject
Project("{FAE04EC0-301F-11D3-BF4B-00C04F79EFBC}") = "Mumblr.Identity.Api", "Mumblr.Identity.Api\Mumblr.Identity.Api.csproj", "{5E26B50D-AF14-4BB4-B849-E9524A5B477D}"
EndProject
Project("{2150E333-8FDC-42A3-9474-1A3956D46DE8}") = "Posts", "Posts", "{94DB695C-977C-4CEF-AB33-FD3CDDE77E6A}"
EndProject
Project("{FAE04EC0-301F-11D3-BF4B-00C04F79EFBC}") = "Mumblr.Posts.Api", "Mumblr.Posts.Api\Mumblr.Posts.Api.csproj", "{C4E400B9-CE19-4B00-B942-B7386468ED48}"
EndProject
Project("{2150E333-8FDC-42A3-9474-1A3956D46DE8}") = "Friendship", "Friendship", "{5E60A329-77E4-42FC-A424-2DF5F06E42B9}"
EndProject
Project("{FAE04EC0-301F-11D3-BF4B-00C04F79EFBC}") = "Mumblr.Friendship.Api", "Mumblr.Friendship.Api\Mumblr.Friendship.Api.csproj", "{3D5F0DD1-5964-4E4C-90F9-ABBB4A4C6AC8}"
EndProject
Project("{2150E333-8FDC-42A3-9474-1A3956D46DE8}") = "Messaging", "Messaging", "{E5A942D7-F131-4395-946D-B811E5097452}"
EndProject
Project("{FAE04EC0-301F-11D3-BF4B-00C04F79EFBC}") = "Mumblr.Messaging.Api", "Mumblr.Messaging.Api\Mumblr.Messaging.Api.csproj", "{68D34CFA-4740-46FD-9B9D-4149382AE6A2}"
EndProject
Project("{FAE04EC0-301F-11D3-BF4B-00C04F79EFBC}") = "Mumblr.ApiGateway", "Mumblr.ApiGateway\Mumblr.ApiGateway.csproj", "{2EED05AB-8893-4341-8482-22B5D41E9BD8}"
EndProject
Global
	GlobalSection(SolutionConfigurationPlatforms) = preSolution
		Debug|Any CPU = Debug|Any CPU
		Release|Any CPU = Release|Any CPU
	EndGlobalSection
	GlobalSection(ProjectConfigurationPlatforms) = postSolution
		{5E26B50D-AF14-4BB4-B849-E9524A5B477D}.Debug|Any CPU.ActiveCfg = Debug|Any CPU
		{5E26B50D-AF14-4BB4-B849-E9524A5B477D}.Debug|Any CPU.Build.0 = Debug|Any CPU
		{5E26B50D-AF14-4BB4-B849-E9524A5B477D}.Release|Any CPU.ActiveCfg = Release|Any CPU
		{5E26B50D-AF14-4BB4-B849-E9524A5B477D}.Release|Any CPU.Build.0 = Release|Any CPU
		{C4E400B9-CE19-4B00-B942-B7386468ED48}.Debug|Any CPU.ActiveCfg = Debug|Any CPU
		{C4E400B9-CE19-4B00-B942-B7386468ED48}.Debug|Any CPU.Build.0 = Debug|Any CPU
		{C4E400B9-CE19-4B00-B942-B7386468ED48}.Release|Any CPU.ActiveCfg = Release|Any CPU
		{C4E400B9-CE19-4B00-B942-B7386468ED48}.Release|Any CPU.Build.0 = Release|Any CPU
		{3D5F0DD1-5964-4E4C-90F9-ABBB4A4C6AC8}.Debug|Any CPU.ActiveCfg = Debug|Any CPU
		{3D5F0DD1-5964-4E4C-90F9-ABBB4A4C6AC8}.Debug|Any CPU.Build.0 = Debug|Any CPU
		{3D5F0DD1-5964-4E4C-90F9-ABBB4A4C6AC8}.Release|Any CPU.ActiveCfg = Release|Any CPU
		{3D5F0DD1-5964-4E4C-90F9-ABBB4A4C6AC8}.Release|Any CPU.Build.0 = Release|Any CPU
		{68D34CFA-4740-46FD-9B9D-4149382AE6A2}.Debug|Any CPU.ActiveCfg = Debug|Any CPU
		{68D34CFA-4740-46FD-9B9D-4149382AE6A2}.Debug|Any CPU.Build.0 = Debug|Any CPU
		{68D34CFA-4740-46FD-9B9D-4149382AE6A2}.Release|Any CPU.ActiveCfg = Release|Any CPU
		{68D34CFA-4740-46FD-9B9D-4149382AE6A2}.Release|Any CPU.Build.0 = Release|Any CPU
		{2EED05AB-8893-4341-8482-22B5D41E9BD8}.Debug|Any CPU.ActiveCfg = Debug|Any CPU
		{2EED05AB-8893-4341-8482-22B5D41E9BD8}.Debug|Any CPU.Build.0 = Debug|Any CPU
		{2EED05AB-8893-4341-8482-22B5D41E9BD8}.Release|Any CPU.ActiveCfg = Release|Any CPU
		{2EED05AB-8893-4341-8482-22B5D41E9BD8}.Release|Any CPU.Build.0 = Release|Any CPU
	EndGlobalSection
	GlobalSection(SolutionProperties) = preSolution
		HideSolutionNode = FALSE
	EndGlobalSection
	GlobalSection(NestedProjects) = preSolution
		{3B2C4D16-FF4C-4DE1-9FD2-67BFEB28C527} = {02EA681E-C7D8-13C7-8484-4AC65E1B71E8}
		{B150DAB5-7A89-43DB-B7AF-9CD37C23B55A} = {02EA681E-C7D8-13C7-8484-4AC65E1B71E8}
		{2E98597B-8831-4D57-825E-822D5DB27655} = {02EA681E-C7D8-13C7-8484-4AC65E1B71E8}
		{1D862564-D5C2-4345-9AD8-57BBC30A0A11} = {3B2C4D16-FF4C-4DE1-9FD2-67BFEB28C527}
		{5E26B50D-AF14-4BB4-B849-E9524A5B477D} = {1D862564-D5C2-4345-9AD8-57BBC30A0A11}
		{94DB695C-977C-4CEF-AB33-FD3CDDE77E6A} = {3B2C4D16-FF4C-4DE1-9FD2-67BFEB28C527}
		{C4E400B9-CE19-4B00-B942-B7386468ED48} = {94DB695C-977C-4CEF-AB33-FD3CDDE77E6A}
		{5E60A329-77E4-42FC-A424-2DF5F06E42B9} = {3B2C4D16-FF4C-4DE1-9FD2-67BFEB28C527}
		{3D5F0DD1-5964-4E4C-90F9-ABBB4A4C6AC8} = {5E60A329-77E4-42FC-A424-2DF5F06E42B9}
		{E5A942D7-F131-4395-946D-B811E5097452} = {3B2C4D16-FF4C-4DE1-9FD2-67BFEB28C527}
		{68D34CFA-4740-46FD-9B9D-4149382AE6A2} = {E5A942D7-F131-4395-946D-B811E5097452}
		{2EED05AB-8893-4341-8482-22B5D41E9BD8} = {B150DAB5-7A89-43DB-B7AF-9CD37C23B55A}
	EndGlobalSection
	GlobalSection(ExtensibilityGlobals) = postSolution
		SolutionGuid = {FE8ACF58-D2E7-482A-840A-154FC3F5986A}
	EndGlobalSection
EndGlobal
